
Microsoft Visual Studio Solution File, Format Version 12.00
# Visual Studio Version 16
VisualStudioVersion = 16.0.31424.327
MinimumVisualStudioVersion = 10.0.40219.1
Project("{9A19103F-16F7-4668-BE54-9A1E7A4F7556}") = "Thnyk.User.Api", "Thnyk.User.Api\Thnyk.User.Api.csproj", "{CA0E91DF-5779-460D-BFBD-C953B6A4299A}"
EndProject
Project("{2150E333-8FDC-42A3-9474-1A3956D46DE8}") = "Api", "Api", "{1D250B5C-DEA4-48EA-853D-2F088A80CA73}"
EndProject
Project("{2150E333-8FDC-42A3-9474-1A3956D46DE8}") = "Core", "Core", "{CEC09D41-013B-4028-9F1A-49E2145CAF7A}"
EndProject
Project("{2150E333-8FDC-42A3-9474-1A3956D46DE8}") = "Infrastructure", "Infrastructure", "{FAF2943D-8F2B-4F0B-B8A2-9AF230CA0E06}"
EndProject
Project("{2150E333-8FDC-42A3-9474-1A3956D46DE8}") = "Tests", "Tests", "{75E3D7D6-985B-4F09-8CB6-3FF33F5DAB0E}"
EndProject
Project("{2150E333-8FDC-42A3-9474-1A3956D46DE8}") = "Application", "Application", "{D107DFD4-82A2-4559-9DFD-4CB72CDC30CA}"
EndProject
Project("{2150E333-8FDC-42A3-9474-1A3956D46DE8}") = "Domain", "Domain", "{A64F8370-AC05-43CC-A626-FFA352086D91}"
EndProject
Project("{9A19103F-16F7-4668-BE54-9A1E7A4F7556}") = "Thnyk.Users.Infrastructure", "..\..\Infrastructure\Thnyk.Users.Infrastructure\Thnyk.Users.Infrastructure.csproj", "{05DF1CAF-7E7D-4B27-ABCA-FCB1ACE3ECE4}"
EndProject
Project("{9A19103F-16F7-4668-BE54-9A1E7A4F7556}") = "Thnyk.Core.Domain", "..\..\Core\Domain\Thnyk.Core.Domain\Thnyk.Core.Domain.csproj", "{F9B60E0E-3A83-432B-A037-8F3BC9145EB2}"
EndProject
Project("{9A19103F-16F7-4668-BE54-9A1E7A4F7556}") = "Thnyk.Core.Application", "..\..\Core\Application\Thnyk.Core.Application\Thnyk.Core.Application.csproj", "{0B8781B8-0246-4036-9668-EBC88C237351}"
EndProject
Project("{9A19103F-16F7-4668-BE54-9A1E7A4F7556}") = "Users.Api.Tests", "..\..\Tests\Users.Api.Tests\Users.Api.Tests.csproj", "{148908DE-6966-4A3A-B2C2-F3E1CA5E2C13}"
EndProject
Project("{9A19103F-16F7-4668-BE54-9A1E7A4F7556}") = "Users.Api.FunctionalTest", "..\..\Tests\Users.Api.FunctionalTest\Users.Api.FunctionalTest.csproj", "{DD7AFB75-E217-4752-927E-F87FFA336E21}"
EndProject
Global
	GlobalSection(SolutionConfigurationPlatforms) = preSolution
		Debug|Any CPU = Debug|Any CPU
		Release|Any CPU = Release|Any CPU
	EndGlobalSection
	GlobalSection(ProjectConfigurationPlatforms) = postSolution
		{CA0E91DF-5779-460D-BFBD-C953B6A4299A}.Debug|Any CPU.ActiveCfg = Debug|Any CPU
		{CA0E91DF-5779-460D-BFBD-C953B6A4299A}.Debug|Any CPU.Build.0 = Debug|Any CPU
		{CA0E91DF-5779-460D-BFBD-C953B6A4299A}.Release|Any CPU.ActiveCfg = Release|Any CPU
		{CA0E91DF-5779-460D-BFBD-C953B6A4299A}.Release|Any CPU.Build.0 = Release|Any CPU
		{05DF1CAF-7E7D-4B27-ABCA-FCB1ACE3ECE4}.Debug|Any CPU.ActiveCfg = Debug|Any CPU
		{05DF1CAF-7E7D-4B27-ABCA-FCB1ACE3ECE4}.Debug|Any CPU.Build.0 = Debug|Any CPU
		{05DF1CAF-7E7D-4B27-ABCA-FCB1ACE3ECE4}.Release|Any CPU.ActiveCfg = Release|Any CPU
		{05DF1CAF-7E7D-4B27-ABCA-FCB1ACE3ECE4}.Release|Any CPU.Build.0 = Release|Any CPU
		{F9B60E0E-3A83-432B-A037-8F3BC9145EB2}.Debug|Any CPU.ActiveCfg = Debug|Any CPU
		{F9B60E0E-3A83-432B-A037-8F3BC9145EB2}.Debug|Any CPU.Build.0 = Debug|Any CPU
		{F9B60E0E-3A83-432B-A037-8F3BC9145EB2}.Release|Any CPU.ActiveCfg = Release|Any CPU
		{F9B60E0E-3A83-432B-A037-8F3BC9145EB2}.Release|Any CPU.Build.0 = Release|Any CPU
		{0B8781B8-0246-4036-9668-EBC88C237351}.Debug|Any CPU.ActiveCfg = Debug|Any CPU
		{0B8781B8-0246-4036-9668-EBC88C237351}.Debug|Any CPU.Build.0 = Debug|Any CPU
		{0B8781B8-0246-4036-9668-EBC88C237351}.Release|Any CPU.ActiveCfg = Release|Any CPU
		{0B8781B8-0246-4036-9668-EBC88C237351}.Release|Any CPU.Build.0 = Release|Any CPU
		{148908DE-6966-4A3A-B2C2-F3E1CA5E2C13}.Debug|Any CPU.ActiveCfg = Debug|Any CPU
		{148908DE-6966-4A3A-B2C2-F3E1CA5E2C13}.Debug|Any CPU.Build.0 = Debug|Any CPU
		{148908DE-6966-4A3A-B2C2-F3E1CA5E2C13}.Release|Any CPU.ActiveCfg = Release|Any CPU
		{148908DE-6966-4A3A-B2C2-F3E1CA5E2C13}.Release|Any CPU.Build.0 = Release|Any CPU
		{DD7AFB75-E217-4752-927E-F87FFA336E21}.Debug|Any CPU.ActiveCfg = Debug|Any CPU
		{DD7AFB75-E217-4752-927E-F87FFA336E21}.Debug|Any CPU.Build.0 = Debug|Any CPU
		{DD7AFB75-E217-4752-927E-F87FFA336E21}.Release|Any CPU.ActiveCfg = Release|Any CPU
		{DD7AFB75-E217-4752-927E-F87FFA336E21}.Release|Any CPU.Build.0 = Release|Any CPU
	EndGlobalSection
	GlobalSection(SolutionProperties) = preSolution
		HideSolutionNode = FALSE
	EndGlobalSection
	GlobalSection(NestedProjects) = preSolution
		{CA0E91DF-5779-460D-BFBD-C953B6A4299A} = {1D250B5C-DEA4-48EA-853D-2F088A80CA73}
		{D107DFD4-82A2-4559-9DFD-4CB72CDC30CA} = {CEC09D41-013B-4028-9F1A-49E2145CAF7A}
		{A64F8370-AC05-43CC-A626-FFA352086D91} = {CEC09D41-013B-4028-9F1A-49E2145CAF7A}
		{05DF1CAF-7E7D-4B27-ABCA-FCB1ACE3ECE4} = {FAF2943D-8F2B-4F0B-B8A2-9AF230CA0E06}
		{F9B60E0E-3A83-432B-A037-8F3BC9145EB2} = {A64F8370-AC05-43CC-A626-FFA352086D91}
		{0B8781B8-0246-4036-9668-EBC88C237351} = {D107DFD4-82A2-4559-9DFD-4CB72CDC30CA}
		{148908DE-6966-4A3A-B2C2-F3E1CA5E2C13} = {75E3D7D6-985B-4F09-8CB6-3FF33F5DAB0E}
		{DD7AFB75-E217-4752-927E-F87FFA336E21} = {75E3D7D6-985B-4F09-8CB6-3FF33F5DAB0E}
	EndGlobalSection
	GlobalSection(ExtensibilityGlobals) = postSolution
		SolutionGuid = {2E64A95F-369F-4A2D-B999-627F0031BB39}
	EndGlobalSection
EndGlobal
